// !$*UTF8*$!
{
	archiveVersion = 1;
	classes = {
	};
	objectVersion = 46;
	objects = {

/* Begin PBXBuildFile section */
		B734C33B19AD7A02009350EE /* Foundation.framework in Frameworks */ = {isa = PBXBuildFile; fileRef = B734C33A19AD7A02009350EE /* Foundation.framework */; };
		B734C33D19AD7A02009350EE /* CoreGraphics.framework in Frameworks */ = {isa = PBXBuildFile; fileRef = B734C33C19AD7A02009350EE /* CoreGraphics.framework */; };
		B734C33F19AD7A02009350EE /* UIKit.framework in Frameworks */ = {isa = PBXBuildFile; fileRef = B734C33E19AD7A02009350EE /* UIKit.framework */; };
		B734C34519AD7A02009350EE /* InfoPlist.strings in Resources */ = {isa = PBXBuildFile; fileRef = B734C34319AD7A02009350EE /* InfoPlist.strings */; };
		B734C34719AD7A02009350EE /* main.m in Sources */ = {isa = PBXBuildFile; fileRef = B734C34619AD7A02009350EE /* main.m */; };
		B734C34B19AD7A02009350EE /* TJMAppDelegate.m in Sources */ = {isa = PBXBuildFile; fileRef = B734C34A19AD7A02009350EE /* TJMAppDelegate.m */; };
		B734C34D19AD7A02009350EE /* Images.xcassets in Resources */ = {isa = PBXBuildFile; fileRef = B734C34C19AD7A02009350EE /* Images.xcassets */; };
		B734C35419AD7A02009350EE /* XCTest.framework in Frameworks */ = {isa = PBXBuildFile; fileRef = B734C35319AD7A02009350EE /* XCTest.framework */; };
		B734C35519AD7A02009350EE /* Foundation.framework in Frameworks */ = {isa = PBXBuildFile; fileRef = B734C33A19AD7A02009350EE /* Foundation.framework */; };
		B734C35619AD7A02009350EE /* UIKit.framework in Frameworks */ = {isa = PBXBuildFile; fileRef = B734C33E19AD7A02009350EE /* UIKit.framework */; };
		B734C35E19AD7A02009350EE /* InfoPlist.strings in Resources */ = {isa = PBXBuildFile; fileRef = B734C35C19AD7A02009350EE /* InfoPlist.strings */; };
		B734C36019AD7A02009350EE /* Game_BoardTests.m in Sources */ = {isa = PBXBuildFile; fileRef = B734C35F19AD7A02009350EE /* Game_BoardTests.m */; };
/* End PBXBuildFile section */

/* Begin PBXContainerItemProxy section */
		B734C35719AD7A02009350EE /* PBXContainerItemProxy */ = {
			isa = PBXContainerItemProxy;
			containerPortal = B734C32F19AD7A02009350EE /* Project object */;
			proxyType = 1;
			remoteGlobalIDString = B734C33619AD7A02009350EE;
			remoteInfo = "Game Board";
		};
/* End PBXContainerItemProxy section */

/* Begin PBXFileReference section */
		B734C33719AD7A02009350EE /* Game Board.app */ = {isa = PBXFileReference; explicitFileType = wrapper.application; includeInIndex = 0; path = "Game Board.app"; sourceTree = BUILT_PRODUCTS_DIR; };
		B734C33A19AD7A02009350EE /* Foundation.framework */ = {isa = PBXFileReference; lastKnownFileType = wrapper.framework; name = Foundation.framework; path = System/Library/Frameworks/Foundation.framework; sourceTree = SDKROOT; };
		B734C33C19AD7A02009350EE /* CoreGraphics.framework */ = {isa = PBXFileReference; lastKnownFileType = wrapper.framework; name = CoreGraphics.framework; path = System/Library/Frameworks/CoreGraphics.framework; sourceTree = SDKROOT; };
		B734C33E19AD7A02009350EE /* UIKit.framework */ = {isa = PBXFileReference; lastKnownFileType = wrapper.framework; name = UIKit.framework; path = System/Library/Frameworks/UIKit.framework; sourceTree = SDKROOT; };
		B734C34219AD7A02009350EE /* Game Board-Info.plist */ = {isa = PBXFileReference; lastKnownFileType = text.plist.xml; path = "Game Board-Info.plist"; sourceTree = "<group>"; };
		B734C34419AD7A02009350EE /* en */ = {isa = PBXFileReference; lastKnownFileType = text.plist.strings; name = en; path = en.lproj/InfoPlist.strings; sourceTree = "<group>"; };
		B734C34619AD7A02009350EE /* main.m */ = {isa = PBXFileReference; lastKnownFileType = sourcecode.c.objc; path = main.m; sourceTree = "<group>"; };
		B734C34819AD7A02009350EE /* Game Board-Prefix.pch */ = {isa = PBXFileReference; lastKnownFileType = sourcecode.c.h; path = "Game Board-Prefix.pch"; sourceTree = "<group>"; };
		B734C34919AD7A02009350EE /* TJMAppDelegate.h */ = {isa = PBXFileReference; lastKnownFileType = sourcecode.c.h; path = TJMAppDelegate.h; sourceTree = "<group>"; };
		B734C34A19AD7A02009350EE /* TJMAppDelegate.m */ = {isa = PBXFileReference; lastKnownFileType = sourcecode.c.objc; path = TJMAppDelegate.m; sourceTree = "<group>"; };
		B734C34C19AD7A02009350EE /* Images.xcassets */ = {isa = PBXFileReference; lastKnownFileType = folder.assetcatalog; path = Images.xcassets; sourceTree = "<group>"; };
		B734C35219AD7A02009350EE /* Game BoardTests.xctest */ = {isa = PBXFileReference; explicitFileType = wrapper.cfbundle; includeInIndex = 0; path = "Game BoardTests.xctest"; sourceTree = BUILT_PRODUCTS_DIR; };
		B734C35319AD7A02009350EE /* XCTest.framework */ = {isa = PBXFileReference; lastKnownFileType = wrapper.framework; name = XCTest.framework; path = Library/Frameworks/XCTest.framework; sourceTree = DEVELOPER_DIR; };
		B734C35B19AD7A02009350EE /* Game BoardTests-Info.plist */ = {isa = PBXFileReference; lastKnownFileType = text.plist.xml; path = "Game BoardTests-Info.plist"; sourceTree = "<group>"; };
		B734C35D19AD7A02009350EE /* en */ = {isa = PBXFileReference; lastKnownFileType = text.plist.strings; name = en; path = en.lproj/InfoPlist.strings; sourceTree = "<group>"; };
		B734C35F19AD7A02009350EE /* Game_BoardTests.m */ = {isa = PBXFileReference; lastKnownFileType = sourcecode.c.objc; path = Game_BoardTests.m; sourceTree = "<group>"; };
/* End PBXFileReference section */

/* Begin PBXFrameworksBuildPhase section */
		B734C33419AD7A02009350EE /* Frameworks */ = {
			isa = PBXFrameworksBuildPhase;
			buildActionMask = 2147483647;
			files = (
				B734C33D19AD7A02009350EE /* CoreGraphics.framework in Frameworks */,
				B734C33F19AD7A02009350EE /* UIKit.framework in Frameworks */,
				B734C33B19AD7A02009350EE /* Foundation.framework in Frameworks */,
			);
			runOnlyForDeploymentPostprocessing = 0;
		};
		B734C34F19AD7A02009350EE /* Frameworks */ = {
			isa = PBXFrameworksBuildPhase;
			buildActionMask = 2147483647;
			files = (
				B734C35419AD7A02009350EE /* XCTest.framework in Frameworks */,
				B734C35619AD7A02009350EE /* UIKit.framework in Frameworks */,
				B734C35519AD7A02009350EE /* Foundation.framework in Frameworks */,
			);
			runOnlyForDeploymentPostprocessing = 0;
		};
/* End PBXFrameworksBuildPhase section */

/* Begin PBXGroup section */
		B734C32E19AD7A02009350EE = {
			isa = PBXGroup;
			children = (
				B734C34019AD7A02009350EE /* Game Board */,
				B734C35919AD7A02009350EE /* Game BoardTests */,
				B734C33919AD7A02009350EE /* Frameworks */,
				B734C33819AD7A02009350EE /* Products */,
			);
			sourceTree = "<group>";
		};
		B734C33819AD7A02009350EE /* Products */ = {
			isa = PBXGroup;
			children = (
				B734C33719AD7A02009350EE /* Game Board.app */,
				B734C35219AD7A02009350EE /* Game BoardTests.xctest */,
			);
			name = Products;
			sourceTree = "<group>";
		};
		B734C33919AD7A02009350EE /* Frameworks */ = {
			isa = PBXGroup;
			children = (
				B734C33A19AD7A02009350EE /* Foundation.framework */,
				B734C33C19AD7A02009350EE /* CoreGraphics.framework */,
				B734C33E19AD7A02009350EE /* UIKit.framework */,
				B734C35319AD7A02009350EE /* XCTest.framework */,
			);
			name = Frameworks;
			sourceTree = "<group>";
		};
		B734C34019AD7A02009350EE /* Game Board */ = {
			isa = PBXGroup;
			children = (
				B734C34919AD7A02009350EE /* TJMAppDelegate.h */,
				B734C34A19AD7A02009350EE /* TJMAppDelegate.m */,
				B734C34C19AD7A02009350EE /* Images.xcassets */,
				B734C34119AD7A02009350EE /* Supporting Files */,
			);
			path = "Game Board";
			sourceTree = "<group>";
		};
		B734C34119AD7A02009350EE /* Supporting Files */ = {
			isa = PBXGroup;
			children = (
				B734C34219AD7A02009350EE /* Game Board-Info.plist */,
				B734C34319AD7A02009350EE /* InfoPlist.strings */,
				B734C34619AD7A02009350EE /* main.m */,
				B734C34819AD7A02009350EE /* Game Board-Prefix.pch */,
			);
			name = "Supporting Files";
			sourceTree = "<group>";
		};
		B734C35919AD7A02009350EE /* Game BoardTests */ = {
			isa = PBXGroup;
			children = (
				B734C35F19AD7A02009350EE /* Game_BoardTests.m */,
				B734C35A19AD7A02009350EE /* Supporting Files */,
			);
			path = "Game BoardTests";
			sourceTree = "<group>";
		};
		B734C35A19AD7A02009350EE /* Supporting Files */ = {
			isa = PBXGroup;
			children = (
				B734C35B19AD7A02009350EE /* Game BoardTests-Info.plist */,
				B734C35C19AD7A02009350EE /* InfoPlist.strings */,
			);
			name = "Supporting Files";
			sourceTree = "<group>";
		};
/* End PBXGroup section */

/* Begin PBXNativeTarget section */
		B734C33619AD7A02009350EE /* Game Board */ = {
			isa = PBXNativeTarget;
			buildConfigurationList = B734C36319AD7A02009350EE /* Build configuration list for PBXNativeTarget "Game Board" */;
			buildPhases = (
				B734C33319AD7A02009350EE /* Sources */,
				B734C33419AD7A02009350EE /* Frameworks */,
				B734C33519AD7A02009350EE /* Resources */,
			);
			buildRules = (
			);
			dependencies = (
			);
			name = "Game Board";
			productName = "Game Board";
			productReference = B734C33719AD7A02009350EE /* Game Board.app */;
			productType = "com.apple.product-type.application";
		};
		B734C35119AD7A02009350EE /* Game BoardTests */ = {
			isa = PBXNativeTarget;
			buildConfigurationList = B734C36619AD7A02009350EE /* Build configuration list for PBXNativeTarget "Game BoardTests" */;
			buildPhases = (
				B734C34E19AD7A02009350EE /* Sources */,
				B734C34F19AD7A02009350EE /* Frameworks */,
				B734C35019AD7A02009350EE /* Resources */,
			);
			buildRules = (
			);
			dependencies = (
				B734C35819AD7A02009350EE /* PBXTargetDependency */,
			);
			name = "Game BoardTests";
			productName = "Game BoardTests";
			productReference = B734C35219AD7A02009350EE /* Game BoardTests.xctest */;
			productType = "com.apple.product-type.bundle.unit-test";
		};
/* End PBXNativeTarget section */

/* Begin PBXProject section */
		B734C32F19AD7A02009350EE /* Project object */ = {
			isa = PBXProject;
			attributes = {
				CLASSPREFIX = TJM;
				LastUpgradeCheck = 0510;
				ORGANIZATIONNAME = "Tyler Milner";
				TargetAttributes = {
					B734C35119AD7A02009350EE = {
						TestTargetID = B734C33619AD7A02009350EE;
					};
				};
			};
			buildConfigurationList = B734C33219AD7A02009350EE /* Build configuration list for PBXProject "Game Board" */;
			compatibilityVersion = "Xcode 3.2";
			developmentRegion = English;
			hasScannedForEncodings = 0;
			knownRegions = (
				en,
			);
			mainGroup = B734C32E19AD7A02009350EE;
			productRefGroup = B734C33819AD7A02009350EE /* Products */;
			projectDirPath = "";
			projectRoot = "";
			targets = (
				B734C33619AD7A02009350EE /* Game Board */,
				B734C35119AD7A02009350EE /* Game BoardTests */,
			);
		};
/* End PBXProject section */

/* Begin PBXResourcesBuildPhase section */
		B734C33519AD7A02009350EE /* Resources */ = {
			isa = PBXResourcesBuildPhase;
			buildActionMask = 2147483647;
			files = (
				B734C34519AD7A02009350EE /* InfoPlist.strings in Resources */,
				B734C34D19AD7A02009350EE /* Images.xcassets in Resources */,
			);
			runOnlyForDeploymentPostprocessing = 0;
		};
		B734C35019AD7A02009350EE /* Resources */ = {
			isa = PBXResourcesBuildPhase;
			buildActionMask = 2147483647;
			files = (
				B734C35E19AD7A02009350EE /* InfoPlist.strings in Resources */,
			);
			runOnlyForDeploymentPostprocessing = 0;
		};
/* End PBXResourcesBuildPhase section */

/* Begin PBXSourcesBuildPhase section */
		B734C33319AD7A02009350EE /* Sources */ = {
			isa = PBXSourcesBuildPhase;
			buildActionMask = 2147483647;
			files = (
				B734C34B19AD7A02009350EE /* TJMAppDelegate.m in Sources */,
				B734C34719AD7A02009350EE /* main.m in Sources */,
			);
			runOnlyForDeploymentPostprocessing = 0;
		};
		B734C34E19AD7A02009350EE /* Sources */ = {
			isa = PBXSourcesBuildPhase;
			buildActionMask = 2147483647;
			files = (
				B734C36019AD7A02009350EE /* Game_BoardTests.m in Sources */,
			);
			runOnlyForDeploymentPostprocessing = 0;
		};
/* End PBXSourcesBuildPhase section */

/* Begin PBXTargetDependency section */
		B734C35819AD7A02009350EE /* PBXTargetDependency */ = {
			isa = PBXTargetDependency;
			target = B734C33619AD7A02009350EE /* Game Board */;
			targetProxy = B734C35719AD7A02009350EE /* PBXContainerItemProxy */;
		};
/* End PBXTargetDependency section */

/* Begin PBXVariantGroup section */
		B734C34319AD7A02009350EE /* InfoPlist.strings */ = {
			isa = PBXVariantGroup;
			children = (
				B734C34419AD7A02009350EE /* en */,
			);
			name = InfoPlist.strings;
			sourceTree = "<group>";
		};
		B734C35C19AD7A02009350EE /* InfoPlist.strings */ = {
			isa = PBXVariantGroup;
			children = (
				B734C35D19AD7A02009350EE /* en */,
			);
			name = InfoPlist.strings;
			sourceTree = "<group>";
		};
/* End PBXVariantGroup section */

/* Begin XCBuildConfiguration section */
		B734C36119AD7A02009350EE /* Debug */ = {
			isa = XCBuildConfiguration;
			buildSettings = {
				ALWAYS_SEARCH_USER_PATHS = NO;
				CLANG_CXX_LANGUAGE_STANDARD = "gnu++0x";
				CLANG_CXX_LIBRARY = "libc++";
				CLANG_ENABLE_MODULES = YES;
				CLANG_ENABLE_OBJC_ARC = YES;
				CLANG_WARN_BOOL_CONVERSION = YES;
				CLANG_WARN_CONSTANT_CONVERSION = YES;
				CLANG_WARN_DIRECT_OBJC_ISA_USAGE = YES_ERROR;
				CLANG_WARN_EMPTY_BODY = YES;
				CLANG_WARN_ENUM_CONVERSION = YES;
				CLANG_WARN_INT_CONVERSION = YES;
				CLANG_WARN_OBJC_ROOT_CLASS = YES_ERROR;
				CLANG_WARN__DUPLICATE_METHOD_MATCH = YES;
				"CODE_SIGN_IDENTITY[sdk=iphoneos*]" = "iPhone Developer";
				COPY_PHASE_STRIP = NO;
				GCC_C_LANGUAGE_STANDARD = gnu99;
				GCC_DYNAMIC_NO_PIC = NO;
				GCC_OPTIMIZATION_LEVEL = 0;
				GCC_PREPROCESSOR_DEFINITIONS = (
					"DEBUG=1",
					"$(inherited)",
				);
				GCC_SYMBOLS_PRIVATE_EXTERN = NO;
				GCC_WARN_64_TO_32_BIT_CONVERSION = YES;
				GCC_WARN_ABOUT_RETURN_TYPE = YES_ERROR;
				GCC_WARN_UNDECLARED_SELECTOR = YES;
				GCC_WARN_UNINITIALIZED_AUTOS = YES_AGGRESSIVE;
				GCC_WARN_UNUSED_FUNCTION = YES;
				GCC_WARN_UNUSED_VARIABLE = YES;
				IPHONEOS_DEPLOYMENT_TARGET = 7.1;
				ONLY_ACTIVE_ARCH = YES;
				SDKROOT = iphoneos;
				TARGETED_DEVICE_FAMILY = "1,2";
			};
			name = Debug;
		};
		B734C36219AD7A02009350EE /* Release */ = {
			isa = XCBuildConfiguration;
			buildSettings = {
				ALWAYS_SEARCH_USER_PATHS = NO;
				CLANG_CXX_LANGUAGE_STANDARD = "gnu++0x";
				CLANG_CXX_LIBRARY = "libc++";
				CLANG_ENABLE_MODULES = YES;
				CLANG_ENABLE_OBJC_ARC = YES;
				CLANG_WARN_BOOL_CONVERSION = YES;
				CLANG_WARN_CONSTANT_CONVERSION = YES;
				CLANG_WARN_DIRECT_OBJC_ISA_USAGE = YES_ERROR;
				CLANG_WARN_EMPTY_BODY = YES;
				CLANG_WARN_ENUM_CONVERSION = YES;
				CLANG_WARN_INT_CONVERSION = YES;
				CLANG_WARN_OBJC_ROOT_CLASS = YES_ERROR;
				CLANG_WARN__DUPLICATE_METHOD_MATCH = YES;
				"CODE_SIGN_IDENTITY[sdk=iphoneos*]" = "iPhone Developer";
				COPY_PHASE_STRIP = YES;
				ENABLE_NS_ASSERTIONS = NO;
				GCC_C_LANGUAGE_STANDARD = gnu99;
				GCC_WARN_64_TO_32_BIT_CONVERSION = YES;
				GCC_WARN_ABOUT_RETURN_TYPE = YES_ERROR;
				GCC_WARN_UNDECLARED_SELECTOR = YES;
				GCC_WARN_UNINITIALIZED_AUTOS = YES_AGGRESSIVE;
				GCC_WARN_UNUSED_FUNCTION = YES;
				GCC_WARN_UNUSED_VARIABLE = YES;
				IPHONEOS_DEPLOYMENT_TARGET = 7.1;
				SDKROOT = iphoneos;
				TARGETED_DEVICE_FAMILY = "1,2";
				VALIDATE_PRODUCT = YES;
			};
			name = Release;
		};
		B734C36419AD7A02009350EE /* Debug */ = {
			isa = XCBuildConfiguration;
			buildSettings = {
				ASSETCATALOG_COMPILER_APPICON_NAME = AppIcon;
				ASSETCATALOG_COMPILER_LAUNCHIMAGE_NAME = LaunchImage;
				GCC_PRECOMPILE_PREFIX_HEADER = YES;
				GCC_PREFIX_HEADER = "Game Board/Game Board-Prefix.pch";
				INFOPLIST_FILE = "Game Board/Game Board-Info.plist";
				PRODUCT_NAME = "$(TARGET_NAME)";
				WRAPPER_EXTENSION = app;
			};
			name = Debug;
		};
		B734C36519AD7A02009350EE /* Release */ = {
			isa = XCBuildConfiguration;
			buildSettings = {
				ASSETCATALOG_COMPILER_APPICON_NAME = AppIcon;
				ASSETCATALOG_COMPILER_LAUNCHIMAGE_NAME = LaunchImage;
				GCC_PRECOMPILE_PREFIX_HEADER = YES;
				GCC_PREFIX_HEADER = "Game Board/Game Board-Prefix.pch";
				INFOPLIST_FILE = "Game Board/Game Board-Info.plist";
				PRODUCT_NAME = "$(TARGET_NAME)";
				WRAPPER_EXTENSION = app;
			};
			name = Release;
		};
		B734C36719AD7A02009350EE /* Debug */ = {
			isa = XCBuildConfiguration;
			buildSettings = {
				BUNDLE_LOADER = "$(BUILT_PRODUCTS_DIR)/Game Board.app/Game Board";
				FRAMEWORK_SEARCH_PATHS = (
					"$(SDKROOT)/Developer/Library/Frameworks",
					"$(inherited)",
					"$(DEVELOPER_FRAMEWORKS_DIR)",
				);
				GCC_PRECOMPILE_PREFIX_HEADER = YES;
				GCC_PREFIX_HEADER = "Game Board/Game Board-Prefix.pch";
				GCC_PREPROCESSOR_DEFINITIONS = (
					"DEBUG=1",
					"$(inherited)",
				);
				INFOPLIST_FILE = "Game BoardTests/Game BoardTests-Info.plist";
				PRODUCT_NAME = "$(TARGET_NAME)";
				TEST_HOST = "$(BUNDLE_LOADER)";
				WRAPPER_EXTENSION = xctest;
			};
			name = Debug;
		};
		B734C36819AD7A02009350EE /* Release */ = {
			isa = XCBuildConfiguration;
			buildSettings = {
				BUNDLE_LOADER = "$(BUILT_PRODUCTS_DIR)/Game Board.app/Game Board";
				FRAMEWORK_SEARCH_PATHS = (
					"$(SDKROOT)/Developer/Library/Frameworks",
					"$(inherited)",
					"$(DEVELOPER_FRAMEWORKS_DIR)",
				);
				GCC_PRECOMPILE_PREFIX_HEADER = YES;
				GCC_PREFIX_HEADER = "Game Board/Game Board-Prefix.pch";
				INFOPLIST_FILE = "Game BoardTests/Game BoardTests-Info.plist";
				PRODUCT_NAME = "$(TARGET_NAME)";
				TEST_HOST = "$(BUNDLE_LOADER)";
				WRAPPER_EXTENSION = xctest;
			};
			name = Release;
		};
/* End XCBuildConfiguration section */

/* Begin XCConfigurationList section */
		B734C33219AD7A02009350EE /* Build configuration list for PBXProject "Game Board" */ = {
			isa = XCConfigurationList;
			buildConfigurations = (
				B734C36119AD7A02009350EE /* Debug */,
				B734C36219AD7A02009350EE /* Release */,
			);
			defaultConfigurationIsVisible = 0;
			defaultConfigurationName = Release;
		};
		B734C36319AD7A02009350EE /* Build configuration list for PBXNativeTarget "Game Board" */ = {
			isa = XCConfigurationList;
			buildConfigurations = (
				B734C36419AD7A02009350EE /* Debug */,
				B734C36519AD7A02009350EE /* Release */,
			);
			defaultConfigurationIsVisible = 0;
		};
		B734C36619AD7A02009350EE /* Build configuration list for PBXNativeTarget "Game BoardTests" */ = {
			isa = XCConfigurationList;
			buildConfigurations = (
				B734C36719AD7A02009350EE /* Debug */,
				B734C36819AD7A02009350EE /* Release */,
			);
			defaultConfigurationIsVisible = 0;
		};
/* End XCConfigurationList section */
	};
	rootObject = B734C32F19AD7A02009350EE /* Project object */;
}
